
Microsoft Visual Studio Solution File, Format Version 12.00
# Visual Studio 2012
Project("{FAE04EC0-301F-11D3-BF4B-00C04F79EFBC}") = "WhosGiggin", "WhosGiggin\WhosGiggin.csproj", "{7E837D01-DB81-4C4C-BF6C-3B7ABC1709B1}"
EndProject
Project("{FAE04EC0-301F-11D3-BF4B-00C04F79EFBC}") = "WhosGiggin.Tests", "WhosGiggin.Tests\WhosGiggin.Tests.csproj", "{BE3B10A5-19A2-427B-8EC6-8AB28352595F}"
EndProject
Global
	GlobalSection(SolutionConfigurationPlatforms) = preSolution
		Debug|Any CPU = Debug|Any CPU
		Release|Any CPU = Release|Any CPU
	EndGlobalSection
	GlobalSection(ProjectConfigurationPlatforms) = postSolution
		{7E837D01-DB81-4C4C-BF6C-3B7ABC1709B1}.Debug|Any CPU.ActiveCfg = Debug|Any CPU
		{7E837D01-DB81-4C4C-BF6C-3B7ABC1709B1}.Debug|Any CPU.Build.0 = Debug|Any CPU
		{7E837D01-DB81-4C4C-BF6C-3B7ABC1709B1}.Release|Any CPU.ActiveCfg = Release|Any CPU
		{7E837D01-DB81-4C4C-BF6C-3B7ABC1709B1}.Release|Any CPU.Build.0 = Release|Any CPU
		{BE3B10A5-19A2-427B-8EC6-8AB28352595F}.Debug|Any CPU.ActiveCfg = Debug|Any CPU
		{BE3B10A5-19A2-427B-8EC6-8AB28352595F}.Debug|Any CPU.Build.0 = Debug|Any CPU
		{BE3B10A5-19A2-427B-8EC6-8AB28352595F}.Release|Any CPU.ActiveCfg = Release|Any CPU
		{BE3B10A5-19A2-427B-8EC6-8AB28352595F}.Release|Any CPU.Build.0 = Release|Any CPU
	EndGlobalSection
	GlobalSection(SolutionProperties) = preSolution
		HideSolutionNode = FALSE
	EndGlobalSection
EndGlobal
